
Microsoft Visual Studio Solution File, Format Version 12.00
# Visual Studio Version 16
VisualStudioVersion = 16.0.32002.261
MinimumVisualStudioVersion = 10.0.40219.1
Project("{FAE04EC0-301F-11D3-BF4B-00C04F79EFBC}") = "AdnRenting.Api", "AdnRenting.Api.csproj", "{90423595-5151-4341-9044-7406ECAB6CE5}"
EndProject
Project("{FAE04EC0-301F-11D3-BF4B-00C04F79EFBC}") = "AdnRenting.Application", "..\AdnRenting.Application\AdnRenting.Application.csproj", "{2E87F9D8-818E-41A2-8ED5-B0D5079ADB79}"
EndProject
Project("{FAE04EC0-301F-11D3-BF4B-00C04F79EFBC}") = "AdnRenting.Infraestructure", "..\AdnRenting.Infraestructure\AdnRenting.Infraestructure.csproj", "{3348A011-BEFE-48FE-82A7-93D6CDBC8571}"
EndProject
Project("{FAE04EC0-301F-11D3-BF4B-00C04F79EFBC}") = "AdnRenting.Domain", "..\AdnRenting.Domain\AdnRenting.Domain.csproj", "{277BC587-DAF5-4C4B-8160-4A639E273050}"
EndProject
Project("{2150E333-8FDC-42A3-9474-1A3956D46DE8}") = "Tests", "Tests", "{5921CD59-12A0-4B2C-9E97-5D663D93CBDC}"
EndProject
Global
	GlobalSection(SolutionConfigurationPlatforms) = preSolution
		Debug|Any CPU = Debug|Any CPU
		Release|Any CPU = Release|Any CPU
	EndGlobalSection
	GlobalSection(ProjectConfigurationPlatforms) = postSolution
		{90423595-5151-4341-9044-7406ECAB6CE5}.Debug|Any CPU.ActiveCfg = Debug|Any CPU
		{90423595-5151-4341-9044-7406ECAB6CE5}.Debug|Any CPU.Build.0 = Debug|Any CPU
		{90423595-5151-4341-9044-7406ECAB6CE5}.Release|Any CPU.ActiveCfg = Release|Any CPU
		{90423595-5151-4341-9044-7406ECAB6CE5}.Release|Any CPU.Build.0 = Release|Any CPU
		{2E87F9D8-818E-41A2-8ED5-B0D5079ADB79}.Debug|Any CPU.ActiveCfg = Debug|Any CPU
		{2E87F9D8-818E-41A2-8ED5-B0D5079ADB79}.Debug|Any CPU.Build.0 = Debug|Any CPU
		{2E87F9D8-818E-41A2-8ED5-B0D5079ADB79}.Release|Any CPU.ActiveCfg = Release|Any CPU
		{2E87F9D8-818E-41A2-8ED5-B0D5079ADB79}.Release|Any CPU.Build.0 = Release|Any CPU
		{3348A011-BEFE-48FE-82A7-93D6CDBC8571}.Debug|Any CPU.ActiveCfg = Debug|Any CPU
		{3348A011-BEFE-48FE-82A7-93D6CDBC8571}.Debug|Any CPU.Build.0 = Debug|Any CPU
		{3348A011-BEFE-48FE-82A7-93D6CDBC8571}.Release|Any CPU.ActiveCfg = Release|Any CPU
		{3348A011-BEFE-48FE-82A7-93D6CDBC8571}.Release|Any CPU.Build.0 = Release|Any CPU
		{277BC587-DAF5-4C4B-8160-4A639E273050}.Debug|Any CPU.ActiveCfg = Debug|Any CPU
		{277BC587-DAF5-4C4B-8160-4A639E273050}.Debug|Any CPU.Build.0 = Debug|Any CPU
		{277BC587-DAF5-4C4B-8160-4A639E273050}.Release|Any CPU.ActiveCfg = Release|Any CPU
		{277BC587-DAF5-4C4B-8160-4A639E273050}.Release|Any CPU.Build.0 = Release|Any CPU
	EndGlobalSection
	GlobalSection(SolutionProperties) = preSolution
		HideSolutionNode = FALSE
	EndGlobalSection
	GlobalSection(ExtensibilityGlobals) = postSolution
		SolutionGuid = {C53FE8A1-6413-418C-86FC-6ECE383D366D}
	EndGlobalSection
EndGlobal
